// !$*UTF8*$!
{
	archiveVersion = 1;
	classes = {
	};
	objectVersion = 46;
	objects = {

/* Begin PBXBuildFile section */
		3C774D1319E80089008D93B8 /* main.m in Sources */ = {isa = PBXBuildFile; fileRef = 3C774D1219E80089008D93B8 /* main.m */; };
		3C774D1619E80089008D93B8 /* AppDelegate.m in Sources */ = {isa = PBXBuildFile; fileRef = 3C774D1519E80089008D93B8 /* AppDelegate.m */; };
		3C774D1919E80089008D93B8 /* ViewController.m in Sources */ = {isa = PBXBuildFile; fileRef = 3C774D1819E80089008D93B8 /* ViewController.m */; };
		3C774D1C19E80089008D93B8 /* Main.storyboard in Resources */ = {isa = PBXBuildFile; fileRef = 3C774D1A19E80089008D93B8 /* Main.storyboard */; };
		3C774D1E19E80089008D93B8 /* Images.xcassets in Resources */ = {isa = PBXBuildFile; fileRef = 3C774D1D19E80089008D93B8 /* Images.xcassets */; };
		3C774D2119E80089008D93B8 /* LaunchScreen.xib in Resources */ = {isa = PBXBuildFile; fileRef = 3C774D1F19E80089008D93B8 /* LaunchScreen.xib */; };
		3C774D2D19E80089008D93B8 /* IntelligentposTestTests.m in Sources */ = {isa = PBXBuildFile; fileRef = 3C774D2C19E80089008D93B8 /* IntelligentposTestTests.m */; };
		3C774D3A19E800FC008D93B8 /* Restaurant.m in Sources */ = {isa = PBXBuildFile; fileRef = 3C774D3919E800FC008D93B8 /* Restaurant.m */; };
		3C774D3E19E8065F008D93B8 /* RequestHelper.m in Sources */ = {isa = PBXBuildFile; fileRef = 3C774D3D19E8065F008D93B8 /* RequestHelper.m */; };
		3C774D4219E810C2008D93B8 /* RestaurantsViewController.m in Sources */ = {isa = PBXBuildFile; fileRef = 3C774D4119E810C2008D93B8 /* RestaurantsViewController.m */; };
		3C774D4519E810D8008D93B8 /* RestaurantTableViewCell.m in Sources */ = {isa = PBXBuildFile; fileRef = 3C774D4419E810D8008D93B8 /* RestaurantTableViewCell.m */; };
/* End PBXBuildFile section */

/* Begin PBXContainerItemProxy section */
		3C774D2719E80089008D93B8 /* PBXContainerItemProxy */ = {
			isa = PBXContainerItemProxy;
			containerPortal = 3C774D0519E80089008D93B8 /* Project object */;
			proxyType = 1;
			remoteGlobalIDString = 3C774D0C19E80089008D93B8;
			remoteInfo = IntelligentposTest;
		};
/* End PBXContainerItemProxy section */

/* Begin PBXFileReference section */
		3C774D0D19E80089008D93B8 /* IntelligentposTest.app */ = {isa = PBXFileReference; explicitFileType = wrapper.application; includeInIndex = 0; path = IntelligentposTest.app; sourceTree = BUILT_PRODUCTS_DIR; };
		3C774D1119E80089008D93B8 /* Info.plist */ = {isa = PBXFileReference; lastKnownFileType = text.plist.xml; path = Info.plist; sourceTree = "<group>"; };
		3C774D1219E80089008D93B8 /* main.m */ = {isa = PBXFileReference; lastKnownFileType = sourcecode.c.objc; path = main.m; sourceTree = "<group>"; };
		3C774D1419E80089008D93B8 /* AppDelegate.h */ = {isa = PBXFileReference; lastKnownFileType = sourcecode.c.h; path = AppDelegate.h; sourceTree = "<group>"; };
		3C774D1519E80089008D93B8 /* AppDelegate.m */ = {isa = PBXFileReference; lastKnownFileType = sourcecode.c.objc; path = AppDelegate.m; sourceTree = "<group>"; };
		3C774D1719E80089008D93B8 /* ViewController.h */ = {isa = PBXFileReference; lastKnownFileType = sourcecode.c.h; path = ViewController.h; sourceTree = "<group>"; };
		3C774D1819E80089008D93B8 /* ViewController.m */ = {isa = PBXFileReference; lastKnownFileType = sourcecode.c.objc; path = ViewController.m; sourceTree = "<group>"; };
		3C774D1B19E80089008D93B8 /* Base */ = {isa = PBXFileReference; lastKnownFileType = file.storyboard; name = Base; path = Base.lproj/Main.storyboard; sourceTree = "<group>"; };
		3C774D1D19E80089008D93B8 /* Images.xcassets */ = {isa = PBXFileReference; lastKnownFileType = folder.assetcatalog; path = Images.xcassets; sourceTree = "<group>"; };
		3C774D2019E80089008D93B8 /* Base */ = {isa = PBXFileReference; lastKnownFileType = file.xib; name = Base; path = Base.lproj/LaunchScreen.xib; sourceTree = "<group>"; };
		3C774D2619E80089008D93B8 /* IntelligentposTestTests.xctest */ = {isa = PBXFileReference; explicitFileType = wrapper.cfbundle; includeInIndex = 0; path = IntelligentposTestTests.xctest; sourceTree = BUILT_PRODUCTS_DIR; };
		3C774D2B19E80089008D93B8 /* Info.plist */ = {isa = PBXFileReference; lastKnownFileType = text.plist.xml; path = Info.plist; sourceTree = "<group>"; };
		3C774D2C19E80089008D93B8 /* IntelligentposTestTests.m */ = {isa = PBXFileReference; lastKnownFileType = sourcecode.c.objc; path = IntelligentposTestTests.m; sourceTree = "<group>"; };
		3C774D3819E800FC008D93B8 /* Restaurant.h */ = {isa = PBXFileReference; fileEncoding = 4; lastKnownFileType = sourcecode.c.h; path = Restaurant.h; sourceTree = "<group>"; };
		3C774D3919E800FC008D93B8 /* Restaurant.m */ = {isa = PBXFileReference; fileEncoding = 4; lastKnownFileType = sourcecode.c.objc; path = Restaurant.m; sourceTree = "<group>"; };
		3C774D3C19E8065F008D93B8 /* RequestHelper.h */ = {isa = PBXFileReference; fileEncoding = 4; lastKnownFileType = sourcecode.c.h; path = RequestHelper.h; sourceTree = "<group>"; };
		3C774D3D19E8065F008D93B8 /* RequestHelper.m */ = {isa = PBXFileReference; fileEncoding = 4; lastKnownFileType = sourcecode.c.objc; path = RequestHelper.m; sourceTree = "<group>"; };
		3C774D4019E810C2008D93B8 /* RestaurantsViewController.h */ = {isa = PBXFileReference; fileEncoding = 4; lastKnownFileType = sourcecode.c.h; path = RestaurantsViewController.h; sourceTree = "<group>"; };
		3C774D4119E810C2008D93B8 /* RestaurantsViewController.m */ = {isa = PBXFileReference; fileEncoding = 4; lastKnownFileType = sourcecode.c.objc; path = RestaurantsViewController.m; sourceTree = "<group>"; };
		3C774D4319E810D8008D93B8 /* RestaurantTableViewCell.h */ = {isa = PBXFileReference; fileEncoding = 4; lastKnownFileType = sourcecode.c.h; path = RestaurantTableViewCell.h; sourceTree = "<group>"; };
		3C774D4419E810D8008D93B8 /* RestaurantTableViewCell.m */ = {isa = PBXFileReference; fileEncoding = 4; lastKnownFileType = sourcecode.c.objc; path = RestaurantTableViewCell.m; sourceTree = "<group>"; };
/* End PBXFileReference section */

/* Begin PBXFrameworksBuildPhase section */
		3C774D0A19E80089008D93B8 /* Frameworks */ = {
			isa = PBXFrameworksBuildPhase;
			buildActionMask = 2147483647;
			files = (
			);
			runOnlyForDeploymentPostprocessing = 0;
		};
		3C774D2319E80089008D93B8 /* Frameworks */ = {
			isa = PBXFrameworksBuildPhase;
			buildActionMask = 2147483647;
			files = (
			);
			runOnlyForDeploymentPostprocessing = 0;
		};
/* End PBXFrameworksBuildPhase section */

/* Begin PBXGroup section */
		3C774D0419E80089008D93B8 = {
			isa = PBXGroup;
			children = (
				3C774D0F19E80089008D93B8 /* IntelligentposTest */,
				3C774D2919E80089008D93B8 /* IntelligentposTestTests */,
				3C774D0E19E80089008D93B8 /* Products */,
			);
			sourceTree = "<group>";
		};
		3C774D0E19E80089008D93B8 /* Products */ = {
			isa = PBXGroup;
			children = (
				3C774D0D19E80089008D93B8 /* IntelligentposTest.app */,
				3C774D2619E80089008D93B8 /* IntelligentposTestTests.xctest */,
			);
			name = Products;
			sourceTree = "<group>";
		};
		3C774D0F19E80089008D93B8 /* IntelligentposTest */ = {
			isa = PBXGroup;
			children = (
				3C774D1419E80089008D93B8 /* AppDelegate.h */,
				3C774D1519E80089008D93B8 /* AppDelegate.m */,
				3C774D3B19E801AD008D93B8 /* Models */,
				3C774D3719E800D7008D93B8 /* Controller */,
				3C774D3619E800CD008D93B8 /* View */,
				3C774D1D19E80089008D93B8 /* Images.xcassets */,
				3C774D1019E80089008D93B8 /* Supporting Files */,
				3C774D3F19E80665008D93B8 /* Helper */,
			);
			path = IntelligentposTest;
			sourceTree = "<group>";
		};
		3C774D1019E80089008D93B8 /* Supporting Files */ = {
			isa = PBXGroup;
			children = (
				3C774D1119E80089008D93B8 /* Info.plist */,
				3C774D1219E80089008D93B8 /* main.m */,
			);
			name = "Supporting Files";
			sourceTree = "<group>";
		};
		3C774D2919E80089008D93B8 /* IntelligentposTestTests */ = {
			isa = PBXGroup;
			children = (
				3C774D2C19E80089008D93B8 /* IntelligentposTestTests.m */,
				3C774D2A19E80089008D93B8 /* Supporting Files */,
			);
			path = IntelligentposTestTests;
			sourceTree = "<group>";
		};
		3C774D2A19E80089008D93B8 /* Supporting Files */ = {
			isa = PBXGroup;
			children = (
				3C774D2B19E80089008D93B8 /* Info.plist */,
			);
			name = "Supporting Files";
			sourceTree = "<group>";
		};
		3C774D3619E800CD008D93B8 /* View */ = {
			isa = PBXGroup;
			children = (
				3C774D1A19E80089008D93B8 /* Main.storyboard */,
				3C774D1F19E80089008D93B8 /* LaunchScreen.xib */,
			);
			name = View;
			sourceTree = "<group>";
		};
		3C774D3719E800D7008D93B8 /* Controller */ = {
			isa = PBXGroup;
			children = (
				3C774D1719E80089008D93B8 /* ViewController.h */,
				3C774D1819E80089008D93B8 /* ViewController.m */,
				3C774D4019E810C2008D93B8 /* RestaurantsViewController.h */,
				3C774D4119E810C2008D93B8 /* RestaurantsViewController.m */,
				3C774D4619E810DC008D93B8 /* Cell */,
			);
			name = Controller;
			sourceTree = "<group>";
		};
		3C774D3B19E801AD008D93B8 /* Models */ = {
			isa = PBXGroup;
			children = (
				3C774D3819E800FC008D93B8 /* Restaurant.h */,
				3C774D3919E800FC008D93B8 /* Restaurant.m */,
			);
			name = Models;
			sourceTree = "<group>";
		};
		3C774D3F19E80665008D93B8 /* Helper */ = {
			isa = PBXGroup;
			children = (
				3C774D3C19E8065F008D93B8 /* RequestHelper.h */,
				3C774D3D19E8065F008D93B8 /* RequestHelper.m */,
			);
			name = Helper;
			sourceTree = "<group>";
		};
		3C774D4619E810DC008D93B8 /* Cell */ = {
			isa = PBXGroup;
			children = (
				3C774D4319E810D8008D93B8 /* RestaurantTableViewCell.h */,
				3C774D4419E810D8008D93B8 /* RestaurantTableViewCell.m */,
			);
			name = Cell;
			sourceTree = "<group>";
		};
/* End PBXGroup section */

/* Begin PBXNativeTarget section */
		3C774D0C19E80089008D93B8 /* IntelligentposTest */ = {
			isa = PBXNativeTarget;
			buildConfigurationList = 3C774D3019E80089008D93B8 /* Build configuration list for PBXNativeTarget "IntelligentposTest" */;
			buildPhases = (
				3C774D0919E80089008D93B8 /* Sources */,
				3C774D0A19E80089008D93B8 /* Frameworks */,
				3C774D0B19E80089008D93B8 /* Resources */,
			);
			buildRules = (
			);
			dependencies = (
			);
			name = IntelligentposTest;
			productName = IntelligentposTest;
			productReference = 3C774D0D19E80089008D93B8 /* IntelligentposTest.app */;
			productType = "com.apple.product-type.application";
		};
		3C774D2519E80089008D93B8 /* IntelligentposTestTests */ = {
			isa = PBXNativeTarget;
			buildConfigurationList = 3C774D3319E80089008D93B8 /* Build configuration list for PBXNativeTarget "IntelligentposTestTests" */;
			buildPhases = (
				3C774D2219E80089008D93B8 /* Sources */,
				3C774D2319E80089008D93B8 /* Frameworks */,
				3C774D2419E80089008D93B8 /* Resources */,
			);
			buildRules = (
			);
			dependencies = (
				3C774D2819E80089008D93B8 /* PBXTargetDependency */,
			);
			name = IntelligentposTestTests;
			productName = IntelligentposTestTests;
			productReference = 3C774D2619E80089008D93B8 /* IntelligentposTestTests.xctest */;
			productType = "com.apple.product-type.bundle.unit-test";
		};
/* End PBXNativeTarget section */

/* Begin PBXProject section */
		3C774D0519E80089008D93B8 /* Project object */ = {
			isa = PBXProject;
			attributes = {
				LastUpgradeCheck = 0600;
				ORGANIZATIONNAME = "Ricardo Sampayo";
				TargetAttributes = {
					3C774D0C19E80089008D93B8 = {
						CreatedOnToolsVersion = 6.0;
					};
					3C774D2519E80089008D93B8 = {
						CreatedOnToolsVersion = 6.0;
						TestTargetID = 3C774D0C19E80089008D93B8;
					};
				};
			};
			buildConfigurationList = 3C774D0819E80089008D93B8 /* Build configuration list for PBXProject "IntelligentposTest" */;
			compatibilityVersion = "Xcode 3.2";
			developmentRegion = English;
			hasScannedForEncodings = 0;
			knownRegions = (
				en,
				Base,
			);
			mainGroup = 3C774D0419E80089008D93B8;
			productRefGroup = 3C774D0E19E80089008D93B8 /* Products */;
			projectDirPath = "";
			projectRoot = "";
			targets = (
				3C774D0C19E80089008D93B8 /* IntelligentposTest */,
				3C774D2519E80089008D93B8 /* IntelligentposTestTests */,
			);
		};
/* End PBXProject section */

/* Begin PBXResourcesBuildPhase section */
		3C774D0B19E80089008D93B8 /* Resources */ = {
			isa = PBXResourcesBuildPhase;
			buildActionMask = 2147483647;
			files = (
				3C774D1C19E80089008D93B8 /* Main.storyboard in Resources */,
				3C774D2119E80089008D93B8 /* LaunchScreen.xib in Resources */,
				3C774D1E19E80089008D93B8 /* Images.xcassets in Resources */,
			);
			runOnlyForDeploymentPostprocessing = 0;
		};
		3C774D2419E80089008D93B8 /* Resources */ = {
			isa = PBXResourcesBuildPhase;
			buildActionMask = 2147483647;
			files = (
			);
			runOnlyForDeploymentPostprocessing = 0;
		};
/* End PBXResourcesBuildPhase section */

/* Begin PBXSourcesBuildPhase section */
		3C774D0919E80089008D93B8 /* Sources */ = {
			isa = PBXSourcesBuildPhase;
			buildActionMask = 2147483647;
			files = (
				3C774D3A19E800FC008D93B8 /* Restaurant.m in Sources */,
				3C774D3E19E8065F008D93B8 /* RequestHelper.m in Sources */,
				3C774D4519E810D8008D93B8 /* RestaurantTableViewCell.m in Sources */,
				3C774D1919E80089008D93B8 /* ViewController.m in Sources */,
				3C774D4219E810C2008D93B8 /* RestaurantsViewController.m in Sources */,
				3C774D1619E80089008D93B8 /* AppDelegate.m in Sources */,
				3C774D1319E80089008D93B8 /* main.m in Sources */,
			);
			runOnlyForDeploymentPostprocessing = 0;
		};
		3C774D2219E80089008D93B8 /* Sources */ = {
			isa = PBXSourcesBuildPhase;
			buildActionMask = 2147483647;
			files = (
				3C774D2D19E80089008D93B8 /* IntelligentposTestTests.m in Sources */,
			);
			runOnlyForDeploymentPostprocessing = 0;
		};
/* End PBXSourcesBuildPhase section */

/* Begin PBXTargetDependency section */
		3C774D2819E80089008D93B8 /* PBXTargetDependency */ = {
			isa = PBXTargetDependency;
			target = 3C774D0C19E80089008D93B8 /* IntelligentposTest */;
			targetProxy = 3C774D2719E80089008D93B8 /* PBXContainerItemProxy */;
		};
/* End PBXTargetDependency section */

/* Begin PBXVariantGroup section */
		3C774D1A19E80089008D93B8 /* Main.storyboard */ = {
			isa = PBXVariantGroup;
			children = (
				3C774D1B19E80089008D93B8 /* Base */,
			);
			name = Main.storyboard;
			sourceTree = "<group>";
		};
		3C774D1F19E80089008D93B8 /* LaunchScreen.xib */ = {
			isa = PBXVariantGroup;
			children = (
				3C774D2019E80089008D93B8 /* Base */,
			);
			name = LaunchScreen.xib;
			sourceTree = "<group>";
		};
/* End PBXVariantGroup section */

/* Begin XCBuildConfiguration section */
		3C774D2E19E80089008D93B8 /* Debug */ = {
			isa = XCBuildConfiguration;
			buildSettings = {
				ALWAYS_SEARCH_USER_PATHS = NO;
				CLANG_CXX_LANGUAGE_STANDARD = "gnu++0x";
				CLANG_CXX_LIBRARY = "libc++";
				CLANG_ENABLE_MODULES = YES;
				CLANG_ENABLE_OBJC_ARC = YES;
				CLANG_WARN_BOOL_CONVERSION = YES;
				CLANG_WARN_CONSTANT_CONVERSION = YES;
				CLANG_WARN_DIRECT_OBJC_ISA_USAGE = YES_ERROR;
				CLANG_WARN_EMPTY_BODY = YES;
				CLANG_WARN_ENUM_CONVERSION = YES;
				CLANG_WARN_INT_CONVERSION = YES;
				CLANG_WARN_OBJC_ROOT_CLASS = YES_ERROR;
				CLANG_WARN_UNREACHABLE_CODE = YES;
				CLANG_WARN__DUPLICATE_METHOD_MATCH = YES;
				"CODE_SIGN_IDENTITY[sdk=iphoneos*]" = "iPhone Developer";
				COPY_PHASE_STRIP = NO;
				ENABLE_STRICT_OBJC_MSGSEND = YES;
				GCC_C_LANGUAGE_STANDARD = gnu99;
				GCC_DYNAMIC_NO_PIC = NO;
				GCC_OPTIMIZATION_LEVEL = 0;
				GCC_PREPROCESSOR_DEFINITIONS = (
					"DEBUG=1",
					"$(inherited)",
				);
				GCC_SYMBOLS_PRIVATE_EXTERN = NO;
				GCC_WARN_64_TO_32_BIT_CONVERSION = YES;
				GCC_WARN_ABOUT_RETURN_TYPE = YES_ERROR;
				GCC_WARN_UNDECLARED_SELECTOR = YES;
				GCC_WARN_UNINITIALIZED_AUTOS = YES_AGGRESSIVE;
				GCC_WARN_UNUSED_FUNCTION = YES;
				GCC_WARN_UNUSED_VARIABLE = YES;
				IPHONEOS_DEPLOYMENT_TARGET = 8.0;
				MTL_ENABLE_DEBUG_INFO = YES;
				ONLY_ACTIVE_ARCH = YES;
				SDKROOT = iphoneos;
			};
			name = Debug;
		};
		3C774D2F19E80089008D93B8 /* Release */ = {
			isa = XCBuildConfiguration;
			buildSettings = {
				ALWAYS_SEARCH_USER_PATHS = NO;
				CLANG_CXX_LANGUAGE_STANDARD = "gnu++0x";
				CLANG_CXX_LIBRARY = "libc++";
				CLANG_ENABLE_MODULES = YES;
				CLANG_ENABLE_OBJC_ARC = YES;
				CLANG_WARN_BOOL_CONVERSION = YES;
				CLANG_WARN_CONSTANT_CONVERSION = YES;
				CLANG_WARN_DIRECT_OBJC_ISA_USAGE = YES_ERROR;
				CLANG_WARN_EMPTY_BODY = YES;
				CLANG_WARN_ENUM_CONVERSION = YES;
				CLANG_WARN_INT_CONVERSION = YES;
				CLANG_WARN_OBJC_ROOT_CLASS = YES_ERROR;
				CLANG_WARN_UNREACHABLE_CODE = YES;
				CLANG_WARN__DUPLICATE_METHOD_MATCH = YES;
				"CODE_SIGN_IDENTITY[sdk=iphoneos*]" = "iPhone Developer";
				COPY_PHASE_STRIP = YES;
				ENABLE_NS_ASSERTIONS = NO;
				ENABLE_STRICT_OBJC_MSGSEND = YES;
				GCC_C_LANGUAGE_STANDARD = gnu99;
				GCC_WARN_64_TO_32_BIT_CONVERSION = YES;
				GCC_WARN_ABOUT_RETURN_TYPE = YES_ERROR;
				GCC_WARN_UNDECLARED_SELECTOR = YES;
				GCC_WARN_UNINITIALIZED_AUTOS = YES_AGGRESSIVE;
				GCC_WARN_UNUSED_FUNCTION = YES;
				GCC_WARN_UNUSED_VARIABLE = YES;
				IPHONEOS_DEPLOYMENT_TARGET = 8.0;
				MTL_ENABLE_DEBUG_INFO = NO;
				SDKROOT = iphoneos;
				VALIDATE_PRODUCT = YES;
			};
			name = Release;
		};
		3C774D3119E80089008D93B8 /* Debug */ = {
			isa = XCBuildConfiguration;
			buildSettings = {
				ASSETCATALOG_COMPILER_APPICON_NAME = AppIcon;
				INFOPLIST_FILE = IntelligentposTest/Info.plist;
				LD_RUNPATH_SEARCH_PATHS = "$(inherited) @executable_path/Frameworks";
				PRODUCT_NAME = "$(TARGET_NAME)";
			};
			name = Debug;
		};
		3C774D3219E80089008D93B8 /* Release */ = {
			isa = XCBuildConfiguration;
			buildSettings = {
				ASSETCATALOG_COMPILER_APPICON_NAME = AppIcon;
				INFOPLIST_FILE = IntelligentposTest/Info.plist;
				LD_RUNPATH_SEARCH_PATHS = "$(inherited) @executable_path/Frameworks";
				PRODUCT_NAME = "$(TARGET_NAME)";
			};
			name = Release;
		};
		3C774D3419E80089008D93B8 /* Debug */ = {
			isa = XCBuildConfiguration;
			buildSettings = {
				BUNDLE_LOADER = "$(TEST_HOST)";
				FRAMEWORK_SEARCH_PATHS = (
					"$(SDKROOT)/Developer/Library/Frameworks",
					"$(inherited)",
				);
				GCC_PREPROCESSOR_DEFINITIONS = (
					"DEBUG=1",
					"$(inherited)",
				);
				INFOPLIST_FILE = IntelligentposTestTests/Info.plist;
				LD_RUNPATH_SEARCH_PATHS = "$(inherited) @executable_path/Frameworks @loader_path/Frameworks";
				PRODUCT_NAME = "$(TARGET_NAME)";
				TEST_HOST = "$(BUILT_PRODUCTS_DIR)/IntelligentposTest.app/IntelligentposTest";
			};
			name = Debug;
		};
		3C774D3519E80089008D93B8 /* Release */ = {
			isa = XCBuildConfiguration;
			buildSettings = {
				BUNDLE_LOADER = "$(TEST_HOST)";
				FRAMEWORK_SEARCH_PATHS = (
					"$(SDKROOT)/Developer/Library/Frameworks",
					"$(inherited)",
				);
				INFOPLIST_FILE = IntelligentposTestTests/Info.plist;
				LD_RUNPATH_SEARCH_PATHS = "$(inherited) @executable_path/Frameworks @loader_path/Frameworks";
				PRODUCT_NAME = "$(TARGET_NAME)";
				TEST_HOST = "$(BUILT_PRODUCTS_DIR)/IntelligentposTest.app/IntelligentposTest";
			};
			name = Release;
		};
/* End XCBuildConfiguration section */

/* Begin XCConfigurationList section */
		3C774D0819E80089008D93B8 /* Build configuration list for PBXProject "IntelligentposTest" */ = {
			isa = XCConfigurationList;
			buildConfigurations = (
				3C774D2E19E80089008D93B8 /* Debug */,
				3C774D2F19E80089008D93B8 /* Release */,
			);
			defaultConfigurationIsVisible = 0;
			defaultConfigurationName = Release;
		};
		3C774D3019E80089008D93B8 /* Build configuration list for PBXNativeTarget "IntelligentposTest" */ = {
			isa = XCConfigurationList;
			buildConfigurations = (
				3C774D3119E80089008D93B8 /* Debug */,
				3C774D3219E80089008D93B8 /* Release */,
			);
			defaultConfigurationIsVisible = 0;
		};
		3C774D3319E80089008D93B8 /* Build configuration list for PBXNativeTarget "IntelligentposTestTests" */ = {
			isa = XCConfigurationList;
			buildConfigurations = (
				3C774D3419E80089008D93B8 /* Debug */,
				3C774D3519E80089008D93B8 /* Release */,
			);
			defaultConfigurationIsVisible = 0;
		};
/* End XCConfigurationList section */
	};
	rootObject = 3C774D0519E80089008D93B8 /* Project object */;
}
